// !$*UTF8*$!
{
	archiveVersion = 1;
	classes = {
	};
	objectVersion = 46;
	objects = {

/* Begin PBXBuildFile section */
		81D4C4481B8FBD7E003B375D /* RESTManager.swift in Sources */ = {isa = PBXBuildFile; fileRef = 81D4C4471B8FBD7E003B375D /* RESTManager.swift */; settings = {ASSET_TAGS = (); }; };
		81D4C44A1B8FC134003B375D /* RestManagerTest.swift in Sources */ = {isa = PBXBuildFile; fileRef = 81D4C4491B8FC134003B375D /* RestManagerTest.swift */; settings = {ASSET_TAGS = (); }; };
		81D4C44C1B8FF27D003B375D /* TextViewManager.swift in Sources */ = {isa = PBXBuildFile; fileRef = 81D4C44B1B8FF27D003B375D /* TextViewManager.swift */; settings = {ASSET_TAGS = (); }; };
		81D4C4531B90C786003B375D /* AnagramFinder.c in Sources */ = {isa = PBXBuildFile; fileRef = 81D4C4511B90C786003B375D /* AnagramFinder.c */; settings = {ASSET_TAGS = (); }; };
		81D4C4571B90D140003B375D /* Utils.swift in Sources */ = {isa = PBXBuildFile; fileRef = 81D4C4561B90D140003B375D /* Utils.swift */; settings = {ASSET_TAGS = (); }; };
		81D4C4581B90DE7D003B375D /* Traditional_Dawg_For_Word-List.dat in Resources */ = {isa = PBXBuildFile; fileRef = 81D4C4551B90CE63003B375D /* Traditional_Dawg_For_Word-List.dat */; };
		81D4C45A1B960F1E003B375D /* ResultCell.swift in Sources */ = {isa = PBXBuildFile; fileRef = 81D4C4591B960F1E003B375D /* ResultCell.swift */; settings = {ASSET_TAGS = (); }; };
		81D4C45E1B96453A003B375D /* Definition.swift in Sources */ = {isa = PBXBuildFile; fileRef = 81D4C45D1B96453A003B375D /* Definition.swift */; settings = {ASSET_TAGS = (); }; };
		81D4C4601B969BE2003B375D /* DefinitionWebViewController.swift in Sources */ = {isa = PBXBuildFile; fileRef = 81D4C45F1B969BE2003B375D /* DefinitionWebViewController.swift */; settings = {ASSET_TAGS = (); }; };
		81D4C4641B974968003B375D /* ResultPOJO.swift in Sources */ = {isa = PBXBuildFile; fileRef = 81D4C4631B974968003B375D /* ResultPOJO.swift */; settings = {ASSET_TAGS = (); }; };
		81DD70361B8FB73F00CE1780 /* AEXML.swift in Sources */ = {isa = PBXBuildFile; fileRef = 81DD70351B8FB73F00CE1780 /* AEXML.swift */; settings = {ASSET_TAGS = (); }; };
		81FFBBDB1B8F86F100F426A9 /* AppDelegate.swift in Sources */ = {isa = PBXBuildFile; fileRef = 81FFBBDA1B8F86F100F426A9 /* AppDelegate.swift */; };
		81FFBBE01B8F86F100F426A9 /* Main.storyboard in Resources */ = {isa = PBXBuildFile; fileRef = 81FFBBDE1B8F86F100F426A9 /* Main.storyboard */; };
		81FFBBE21B8F86F100F426A9 /* Assets.xcassets in Resources */ = {isa = PBXBuildFile; fileRef = 81FFBBE11B8F86F100F426A9 /* Assets.xcassets */; };
		81FFBBE51B8F86F100F426A9 /* LaunchScreen.storyboard in Resources */ = {isa = PBXBuildFile; fileRef = 81FFBBE31B8F86F100F426A9 /* LaunchScreen.storyboard */; };
		81FFBBF01B8F86F100F426A9 /* AngramSolverTests.swift in Sources */ = {isa = PBXBuildFile; fileRef = 81FFBBEF1B8F86F100F426A9 /* AngramSolverTests.swift */; };
		81FFBBFB1B8F86F100F426A9 /* AngramSolverUITests.swift in Sources */ = {isa = PBXBuildFile; fileRef = 81FFBBFA1B8F86F100F426A9 /* AngramSolverUITests.swift */; };
		81FFBC091B8F87C300F426A9 /* TableViewController.swift in Sources */ = {isa = PBXBuildFile; fileRef = 81FFBC081B8F87C300F426A9 /* TableViewController.swift */; };
		81FFBC0B1B8FA07700F426A9 /* DefinitionViewController.swift in Sources */ = {isa = PBXBuildFile; fileRef = 81FFBC0A1B8FA07700F426A9 /* DefinitionViewController.swift */; };
/* End PBXBuildFile section */

/* Begin PBXContainerItemProxy section */
		81FFBBEC1B8F86F100F426A9 /* PBXContainerItemProxy */ = {
			isa = PBXContainerItemProxy;
			containerPortal = 81FFBBCF1B8F86F100F426A9 /* Project object */;
			proxyType = 1;
			remoteGlobalIDString = 81FFBBD61B8F86F100F426A9;
			remoteInfo = AngramSolver;
		};
		81FFBBF71B8F86F100F426A9 /* PBXContainerItemProxy */ = {
			isa = PBXContainerItemProxy;
			containerPortal = 81FFBBCF1B8F86F100F426A9 /* Project object */;
			proxyType = 1;
			remoteGlobalIDString = 81FFBBD61B8F86F100F426A9;
			remoteInfo = AngramSolver;
		};
/* End PBXContainerItemProxy section */

/* Begin PBXFileReference section */
		81D4C4471B8FBD7E003B375D /* RESTManager.swift */ = {isa = PBXFileReference; fileEncoding = 4; lastKnownFileType = sourcecode.swift; path = RESTManager.swift; sourceTree = "<group>"; };
		81D4C4491B8FC134003B375D /* RestManagerTest.swift */ = {isa = PBXFileReference; fileEncoding = 4; lastKnownFileType = sourcecode.swift; path = RestManagerTest.swift; sourceTree = "<group>"; };
		81D4C44B1B8FF27D003B375D /* TextViewManager.swift */ = {isa = PBXFileReference; fileEncoding = 4; lastKnownFileType = sourcecode.swift; path = TextViewManager.swift; sourceTree = "<group>"; };
		81D4C44D1B8FF8BE003B375D /* AngramSolver-Bridging-Header.h */ = {isa = PBXFileReference; lastKnownFileType = sourcecode.c.h; path = "AngramSolver-Bridging-Header.h"; sourceTree = "<group>"; };
		81D4C4511B90C786003B375D /* AnagramFinder.c */ = {isa = PBXFileReference; fileEncoding = 4; lastKnownFileType = sourcecode.c.c; path = AnagramFinder.c; sourceTree = "<group>"; };
		81D4C4521B90C786003B375D /* AnagramFinder.h */ = {isa = PBXFileReference; fileEncoding = 4; lastKnownFileType = sourcecode.c.h; path = AnagramFinder.h; sourceTree = "<group>"; };
		81D4C4551B90CE63003B375D /* Traditional_Dawg_For_Word-List.dat */ = {isa = PBXFileReference; lastKnownFileType = file; path = "Traditional_Dawg_For_Word-List.dat"; sourceTree = "<group>"; };
		81D4C4561B90D140003B375D /* Utils.swift */ = {isa = PBXFileReference; fileEncoding = 4; lastKnownFileType = sourcecode.swift; path = Utils.swift; sourceTree = "<group>"; };
		81D4C4591B960F1E003B375D /* ResultCell.swift */ = {isa = PBXFileReference; fileEncoding = 4; lastKnownFileType = sourcecode.swift; path = ResultCell.swift; sourceTree = "<group>"; };
		81D4C45D1B96453A003B375D /* Definition.swift */ = {isa = PBXFileReference; fileEncoding = 4; lastKnownFileType = sourcecode.swift; name = Definition.swift; path = ../Definition.swift; sourceTree = "<group>"; };
		81D4C45F1B969BE2003B375D /* DefinitionWebViewController.swift */ = {isa = PBXFileReference; fileEncoding = 4; lastKnownFileType = sourcecode.swift; path = DefinitionWebViewController.swift; sourceTree = "<group>"; };
		81D4C4631B974968003B375D /* ResultPOJO.swift */ = {isa = PBXFileReference; fileEncoding = 4; lastKnownFileType = sourcecode.swift; path = ResultPOJO.swift; sourceTree = "<group>"; };
		81DD70351B8FB73F00CE1780 /* AEXML.swift */ = {isa = PBXFileReference; fileEncoding = 4; lastKnownFileType = sourcecode.swift; path = AEXML.swift; sourceTree = "<group>"; };
		81FFBBD71B8F86F100F426A9 /* AngramSolver.app */ = {isa = PBXFileReference; explicitFileType = wrapper.application; includeInIndex = 0; path = AngramSolver.app; sourceTree = BUILT_PRODUCTS_DIR; };
		81FFBBDA1B8F86F100F426A9 /* AppDelegate.swift */ = {isa = PBXFileReference; lastKnownFileType = sourcecode.swift; path = AppDelegate.swift; sourceTree = "<group>"; };
		81FFBBDF1B8F86F100F426A9 /* Base */ = {isa = PBXFileReference; lastKnownFileType = file.storyboard; name = Base; path = Base.lproj/Main.storyboard; sourceTree = "<group>"; };
		81FFBBE11B8F86F100F426A9 /* Assets.xcassets */ = {isa = PBXFileReference; lastKnownFileType = folder.assetcatalog; path = Assets.xcassets; sourceTree = "<group>"; };
		81FFBBE41B8F86F100F426A9 /* Base */ = {isa = PBXFileReference; lastKnownFileType = file.storyboard; name = Base; path = Base.lproj/LaunchScreen.storyboard; sourceTree = "<group>"; };
		81FFBBE61B8F86F100F426A9 /* Info.plist */ = {isa = PBXFileReference; lastKnownFileType = text.plist.xml; path = Info.plist; sourceTree = "<group>"; };
		81FFBBEB1B8F86F100F426A9 /* AngramSolverTests.xctest */ = {isa = PBXFileReference; explicitFileType = wrapper.cfbundle; includeInIndex = 0; path = AngramSolverTests.xctest; sourceTree = BUILT_PRODUCTS_DIR; };
		81FFBBEF1B8F86F100F426A9 /* AngramSolverTests.swift */ = {isa = PBXFileReference; lastKnownFileType = sourcecode.swift; path = AngramSolverTests.swift; sourceTree = "<group>"; };
		81FFBBF11B8F86F100F426A9 /* Info.plist */ = {isa = PBXFileReference; lastKnownFileType = text.plist.xml; path = Info.plist; sourceTree = "<group>"; };
		81FFBBF61B8F86F100F426A9 /* AngramSolverUITests.xctest */ = {isa = PBXFileReference; explicitFileType = wrapper.cfbundle; includeInIndex = 0; path = AngramSolverUITests.xctest; sourceTree = BUILT_PRODUCTS_DIR; };
		81FFBBFA1B8F86F100F426A9 /* AngramSolverUITests.swift */ = {isa = PBXFileReference; lastKnownFileType = sourcecode.swift; path = AngramSolverUITests.swift; sourceTree = "<group>"; };
		81FFBBFC1B8F86F100F426A9 /* Info.plist */ = {isa = PBXFileReference; lastKnownFileType = text.plist.xml; path = Info.plist; sourceTree = "<group>"; };
		81FFBC081B8F87C300F426A9 /* TableViewController.swift */ = {isa = PBXFileReference; fileEncoding = 4; lastKnownFileType = sourcecode.swift; path = TableViewController.swift; sourceTree = "<group>"; };
		81FFBC0A1B8FA07700F426A9 /* DefinitionViewController.swift */ = {isa = PBXFileReference; fileEncoding = 4; lastKnownFileType = sourcecode.swift; path = DefinitionViewController.swift; sourceTree = "<group>"; };
/* End PBXFileReference section */

/* Begin PBXFrameworksBuildPhase section */
		81FFBBD41B8F86F100F426A9 /* Frameworks */ = {
			isa = PBXFrameworksBuildPhase;
			buildActionMask = 2147483647;
			files = (
			);
			runOnlyForDeploymentPostprocessing = 0;
		};
		81FFBBE81B8F86F100F426A9 /* Frameworks */ = {
			isa = PBXFrameworksBuildPhase;
			buildActionMask = 2147483647;
			files = (
			);
			runOnlyForDeploymentPostprocessing = 0;
		};
		81FFBBF31B8F86F100F426A9 /* Frameworks */ = {
			isa = PBXFrameworksBuildPhase;
			buildActionMask = 2147483647;
			files = (
			);
			runOnlyForDeploymentPostprocessing = 0;
		};
/* End PBXFrameworksBuildPhase section */

/* Begin PBXGroup section */
		81D4C4461B8FBD69003B375D /* Services */ = {
			isa = PBXGroup;
			children = (
				81D4C4471B8FBD7E003B375D /* RESTManager.swift */,
				81D4C44B1B8FF27D003B375D /* TextViewManager.swift */,
				81D4C44D1B8FF8BE003B375D /* AngramSolver-Bridging-Header.h */,
				81D4C4511B90C786003B375D /* AnagramFinder.c */,
				81D4C4521B90C786003B375D /* AnagramFinder.h */,
				81D4C4561B90D140003B375D /* Utils.swift */,
			);
			name = Services;
			sourceTree = "<group>";
		};
		81D4C4611B9748E7003B375D /* Models */ = {
			isa = PBXGroup;
			children = (
				81DD70351B8FB73F00CE1780 /* AEXML.swift */,
				81D4C4591B960F1E003B375D /* ResultCell.swift */,
				81D4C45D1B96453A003B375D /* Definition.swift */,
				81D4C4631B974968003B375D /* ResultPOJO.swift */,
			);
			name = Models;
			sourceTree = "<group>";
		};
		81D4C4621B974911003B375D /* Views */ = {
			isa = PBXGroup;
			children = (
				81FFBBDA1B8F86F100F426A9 /* AppDelegate.swift */,
				81FFBC081B8F87C300F426A9 /* TableViewController.swift */,
				81FFBC0A1B8FA07700F426A9 /* DefinitionViewController.swift */,
				81D4C45F1B969BE2003B375D /* DefinitionWebViewController.swift */,
			);
			name = Views;
			sourceTree = "<group>";
		};
		81FFBBCE1B8F86F100F426A9 = {
			isa = PBXGroup;
			children = (
				81FFBBD91B8F86F100F426A9 /* AngramSolver */,
				81FFBBEE1B8F86F100F426A9 /* AngramSolverTests */,
				81FFBBF91B8F86F100F426A9 /* AngramSolverUITests */,
				81FFBBD81B8F86F100F426A9 /* Products */,
				81D4C4551B90CE63003B375D /* Traditional_Dawg_For_Word-List.dat */,
			);
			sourceTree = "<group>";
		};
		81FFBBD81B8F86F100F426A9 /* Products */ = {
			isa = PBXGroup;
			children = (
				81FFBBD71B8F86F100F426A9 /* AngramSolver.app */,
				81FFBBEB1B8F86F100F426A9 /* AngramSolverTests.xctest */,
				81FFBBF61B8F86F100F426A9 /* AngramSolverUITests.xctest */,
			);
			name = Products;
			sourceTree = "<group>";
		};
		81FFBBD91B8F86F100F426A9 /* AngramSolver */ = {
			isa = PBXGroup;
			children = (
				81FFBBDE1B8F86F100F426A9 /* Main.storyboard */,
				81D4C4621B974911003B375D /* Views */,
				81D4C4611B9748E7003B375D /* Models */,
				81D4C4461B8FBD69003B375D /* Services */,
				81FFBBE11B8F86F100F426A9 /* Assets.xcassets */,
				81FFBBE31B8F86F100F426A9 /* LaunchScreen.storyboard */,
				81FFBBE61B8F86F100F426A9 /* Info.plist */,
			);
			path = AngramSolver;
			sourceTree = "<group>";
		};
		81FFBBEE1B8F86F100F426A9 /* AngramSolverTests */ = {
			isa = PBXGroup;
			children = (
				81FFBBEF1B8F86F100F426A9 /* AngramSolverTests.swift */,
				81FFBBF11B8F86F100F426A9 /* Info.plist */,
				81D4C4491B8FC134003B375D /* RestManagerTest.swift */,
			);
			path = AngramSolverTests;
			sourceTree = "<group>";
		};
		81FFBBF91B8F86F100F426A9 /* AngramSolverUITests */ = {
			isa = PBXGroup;
			children = (
				81FFBBFA1B8F86F100F426A9 /* AngramSolverUITests.swift */,
				81FFBBFC1B8F86F100F426A9 /* Info.plist */,
			);
			path = AngramSolverUITests;
			sourceTree = "<group>";
		};
/* End PBXGroup section */

/* Begin PBXNativeTarget section */
		81FFBBD61B8F86F100F426A9 /* AngramSolver */ = {
			isa = PBXNativeTarget;
			buildConfigurationList = 81FFBBFF1B8F86F100F426A9 /* Build configuration list for PBXNativeTarget "AngramSolver" */;
			buildPhases = (
				81FFBBD31B8F86F100F426A9 /* Sources */,
				81FFBBD41B8F86F100F426A9 /* Frameworks */,
				81FFBBD51B8F86F100F426A9 /* Resources */,
			);
			buildRules = (
			);
			dependencies = (
			);
			name = AngramSolver;
			productName = AngramSolver;
			productReference = 81FFBBD71B8F86F100F426A9 /* AngramSolver.app */;
			productType = "com.apple.product-type.application";
		};
		81FFBBEA1B8F86F100F426A9 /* AngramSolverTests */ = {
			isa = PBXNativeTarget;
			buildConfigurationList = 81FFBC021B8F86F100F426A9 /* Build configuration list for PBXNativeTarget "AngramSolverTests" */;
			buildPhases = (
				81FFBBE71B8F86F100F426A9 /* Sources */,
				81FFBBE81B8F86F100F426A9 /* Frameworks */,
				81FFBBE91B8F86F100F426A9 /* Resources */,
			);
			buildRules = (
			);
			dependencies = (
				81FFBBED1B8F86F100F426A9 /* PBXTargetDependency */,
			);
			name = AngramSolverTests;
			productName = AngramSolverTests;
			productReference = 81FFBBEB1B8F86F100F426A9 /* AngramSolverTests.xctest */;
			productType = "com.apple.product-type.bundle.unit-test";
		};
		81FFBBF51B8F86F100F426A9 /* AngramSolverUITests */ = {
			isa = PBXNativeTarget;
			buildConfigurationList = 81FFBC051B8F86F100F426A9 /* Build configuration list for PBXNativeTarget "AngramSolverUITests" */;
			buildPhases = (
				81FFBBF21B8F86F100F426A9 /* Sources */,
				81FFBBF31B8F86F100F426A9 /* Frameworks */,
				81FFBBF41B8F86F100F426A9 /* Resources */,
			);
			buildRules = (
			);
			dependencies = (
				81FFBBF81B8F86F100F426A9 /* PBXTargetDependency */,
			);
			name = AngramSolverUITests;
			productName = AngramSolverUITests;
			productReference = 81FFBBF61B8F86F100F426A9 /* AngramSolverUITests.xctest */;
			productType = "com.apple.product-type.bundle.ui-testing";
		};
/* End PBXNativeTarget section */

/* Begin PBXProject section */
		81FFBBCF1B8F86F100F426A9 /* Project object */ = {
			isa = PBXProject;
			attributes = {
				LastSwiftUpdateCheck = 0700;
				LastUpgradeCheck = 0700;
				ORGANIZATIONNAME = "Thomas McNally";
				TargetAttributes = {
					81FFBBD61B8F86F100F426A9 = {
						CreatedOnToolsVersion = 7.0;
					};
					81FFBBEA1B8F86F100F426A9 = {
						CreatedOnToolsVersion = 7.0;
						TestTargetID = 81FFBBD61B8F86F100F426A9;
					};
					81FFBBF51B8F86F100F426A9 = {
						CreatedOnToolsVersion = 7.0;
						TestTargetID = 81FFBBD61B8F86F100F426A9;
					};
				};
			};
			buildConfigurationList = 81FFBBD21B8F86F100F426A9 /* Build configuration list for PBXProject "AngramSolver" */;
			compatibilityVersion = "Xcode 3.2";
			developmentRegion = English;
			hasScannedForEncodings = 0;
			knownRegions = (
				en,
				Base,
			);
			mainGroup = 81FFBBCE1B8F86F100F426A9;
			productRefGroup = 81FFBBD81B8F86F100F426A9 /* Products */;
			projectDirPath = "";
			projectRoot = "";
			targets = (
				81FFBBD61B8F86F100F426A9 /* AngramSolver */,
				81FFBBEA1B8F86F100F426A9 /* AngramSolverTests */,
				81FFBBF51B8F86F100F426A9 /* AngramSolverUITests */,
			);
		};
/* End PBXProject section */

/* Begin PBXResourcesBuildPhase section */
		81FFBBD51B8F86F100F426A9 /* Resources */ = {
			isa = PBXResourcesBuildPhase;
			buildActionMask = 2147483647;
			files = (
				81D4C4581B90DE7D003B375D /* Traditional_Dawg_For_Word-List.dat in Resources */,
				81FFBBE51B8F86F100F426A9 /* LaunchScreen.storyboard in Resources */,
				81FFBBE21B8F86F100F426A9 /* Assets.xcassets in Resources */,
				81FFBBE01B8F86F100F426A9 /* Main.storyboard in Resources */,
			);
			runOnlyForDeploymentPostprocessing = 0;
		};
		81FFBBE91B8F86F100F426A9 /* Resources */ = {
			isa = PBXResourcesBuildPhase;
			buildActionMask = 2147483647;
			files = (
			);
			runOnlyForDeploymentPostprocessing = 0;
		};
		81FFBBF41B8F86F100F426A9 /* Resources */ = {
			isa = PBXResourcesBuildPhase;
			buildActionMask = 2147483647;
			files = (
			);
			runOnlyForDeploymentPostprocessing = 0;
		};
/* End PBXResourcesBuildPhase section */

/* Begin PBXSourcesBuildPhase section */
		81FFBBD31B8F86F100F426A9 /* Sources */ = {
			isa = PBXSourcesBuildPhase;
			buildActionMask = 2147483647;
			files = (
				81FFBC091B8F87C300F426A9 /* TableViewController.swift in Sources */,
				81D4C44C1B8FF27D003B375D /* TextViewManager.swift in Sources */,
				81D4C4601B969BE2003B375D /* DefinitionWebViewController.swift in Sources */,
				81D4C45E1B96453A003B375D /* Definition.swift in Sources */,
				81D4C4481B8FBD7E003B375D /* RESTManager.swift in Sources */,
				81DD70361B8FB73F00CE1780 /* AEXML.swift in Sources */,
				81D4C4641B974968003B375D /* ResultPOJO.swift in Sources */,
				81FFBC0B1B8FA07700F426A9 /* DefinitionViewController.swift in Sources */,
				81D4C45A1B960F1E003B375D /* ResultCell.swift in Sources */,
				81FFBBDB1B8F86F100F426A9 /* AppDelegate.swift in Sources */,
				81D4C4531B90C786003B375D /* AnagramFinder.c in Sources */,
				81D4C4571B90D140003B375D /* Utils.swift in Sources */,
			);
			runOnlyForDeploymentPostprocessing = 0;
		};
		81FFBBE71B8F86F100F426A9 /* Sources */ = {
			isa = PBXSourcesBuildPhase;
			buildActionMask = 2147483647;
			files = (
				81FFBBF01B8F86F100F426A9 /* AngramSolverTests.swift in Sources */,
				81D4C44A1B8FC134003B375D /* RestManagerTest.swift in Sources */,
			);
			runOnlyForDeploymentPostprocessing = 0;
		};
		81FFBBF21B8F86F100F426A9 /* Sources */ = {
			isa = PBXSourcesBuildPhase;
			buildActionMask = 2147483647;
			files = (
				81FFBBFB1B8F86F100F426A9 /* AngramSolverUITests.swift in Sources */,
			);
			runOnlyForDeploymentPostprocessing = 0;
		};
/* End PBXSourcesBuildPhase section */

/* Begin PBXTargetDependency section */
		81FFBBED1B8F86F100F426A9 /* PBXTargetDependency */ = {
			isa = PBXTargetDependency;
			target = 81FFBBD61B8F86F100F426A9 /* AngramSolver */;
			targetProxy = 81FFBBEC1B8F86F100F426A9 /* PBXContainerItemProxy */;
		};
		81FFBBF81B8F86F100F426A9 /* PBXTargetDependency */ = {
			isa = PBXTargetDependency;
			target = 81FFBBD61B8F86F100F426A9 /* AngramSolver */;
			targetProxy = 81FFBBF71B8F86F100F426A9 /* PBXContainerItemProxy */;
		};
/* End PBXTargetDependency section */

/* Begin PBXVariantGroup section */
		81FFBBDE1B8F86F100F426A9 /* Main.storyboard */ = {
			isa = PBXVariantGroup;
			children = (
				81FFBBDF1B8F86F100F426A9 /* Base */,
			);
			name = Main.storyboard;
			sourceTree = "<group>";
		};
		81FFBBE31B8F86F100F426A9 /* LaunchScreen.storyboard */ = {
			isa = PBXVariantGroup;
			children = (
				81FFBBE41B8F86F100F426A9 /* Base */,
			);
			name = LaunchScreen.storyboard;
			sourceTree = "<group>";
		};
/* End PBXVariantGroup section */

/* Begin XCBuildConfiguration section */
		81FFBBFD1B8F86F100F426A9 /* Debug */ = {
			isa = XCBuildConfiguration;
			buildSettings = {
				ALWAYS_SEARCH_USER_PATHS = NO;
				CLANG_CXX_LANGUAGE_STANDARD = "gnu++0x";
				CLANG_CXX_LIBRARY = "libc++";
				CLANG_ENABLE_MODULES = YES;
				CLANG_ENABLE_OBJC_ARC = YES;
				CLANG_WARN_BOOL_CONVERSION = YES;
				CLANG_WARN_CONSTANT_CONVERSION = YES;
				CLANG_WARN_DIRECT_OBJC_ISA_USAGE = YES_ERROR;
				CLANG_WARN_EMPTY_BODY = YES;
				CLANG_WARN_ENUM_CONVERSION = YES;
				CLANG_WARN_INT_CONVERSION = YES;
				CLANG_WARN_OBJC_ROOT_CLASS = YES_ERROR;
				CLANG_WARN_UNREACHABLE_CODE = YES;
				CLANG_WARN__DUPLICATE_METHOD_MATCH = YES;
				"CODE_SIGN_IDENTITY[sdk=iphoneos*]" = "iPhone Developer";
				COPY_PHASE_STRIP = NO;
				DEBUG_INFORMATION_FORMAT = dwarf;
				ENABLE_STRICT_OBJC_MSGSEND = YES;
				ENABLE_TESTABILITY = YES;
				GCC_C_LANGUAGE_STANDARD = gnu99;
				GCC_DYNAMIC_NO_PIC = NO;
				GCC_NO_COMMON_BLOCKS = YES;
				GCC_OPTIMIZATION_LEVEL = 0;
				GCC_PREPROCESSOR_DEFINITIONS = (
					"DEBUG=1",
					"$(inherited)",
				);
				GCC_WARN_64_TO_32_BIT_CONVERSION = YES;
				GCC_WARN_ABOUT_RETURN_TYPE = YES_ERROR;
				GCC_WARN_UNDECLARED_SELECTOR = YES;
				GCC_WARN_UNINITIALIZED_AUTOS = YES_AGGRESSIVE;
				GCC_WARN_UNUSED_FUNCTION = YES;
				GCC_WARN_UNUSED_VARIABLE = YES;
				IPHONEOS_DEPLOYMENT_TARGET = 9.0;
				MTL_ENABLE_DEBUG_INFO = YES;
				ONLY_ACTIVE_ARCH = YES;
				SDKROOT = iphoneos;
				SWIFT_OPTIMIZATION_LEVEL = "-Onone";
			};
			name = Debug;
		};
		81FFBBFE1B8F86F100F426A9 /* Release */ = {
			isa = XCBuildConfiguration;
			buildSettings = {
				ALWAYS_SEARCH_USER_PATHS = NO;
				CLANG_CXX_LANGUAGE_STANDARD = "gnu++0x";
				CLANG_CXX_LIBRARY = "libc++";
				CLANG_ENABLE_MODULES = YES;
				CLANG_ENABLE_OBJC_ARC = YES;
				CLANG_WARN_BOOL_CONVERSION = YES;
				CLANG_WARN_CONSTANT_CONVERSION = YES;
				CLANG_WARN_DIRECT_OBJC_ISA_USAGE = YES_ERROR;
				CLANG_WARN_EMPTY_BODY = YES;
				CLANG_WARN_ENUM_CONVERSION = YES;
				CLANG_WARN_INT_CONVERSION = YES;
				CLANG_WARN_OBJC_ROOT_CLASS = YES_ERROR;
				CLANG_WARN_UNREACHABLE_CODE = YES;
				CLANG_WARN__DUPLICATE_METHOD_MATCH = YES;
				"CODE_SIGN_IDENTITY[sdk=iphoneos*]" = "iPhone Developer";
				COPY_PHASE_STRIP = NO;
				DEBUG_INFORMATION_FORMAT = "dwarf-with-dsym";
				ENABLE_NS_ASSERTIONS = NO;
				ENABLE_STRICT_OBJC_MSGSEND = YES;
				GCC_C_LANGUAGE_STANDARD = gnu99;
				GCC_NO_COMMON_BLOCKS = YES;
				GCC_WARN_64_TO_32_BIT_CONVERSION = YES;
				GCC_WARN_ABOUT_RETURN_TYPE = YES_ERROR;
				GCC_WARN_UNDECLARED_SELECTOR = YES;
				GCC_WARN_UNINITIALIZED_AUTOS = YES_AGGRESSIVE;
				GCC_WARN_UNUSED_FUNCTION = YES;
				GCC_WARN_UNUSED_VARIABLE = YES;
				IPHONEOS_DEPLOYMENT_TARGET = 9.0;
				MTL_ENABLE_DEBUG_INFO = NO;
				SDKROOT = iphoneos;
				VALIDATE_PRODUCT = YES;
			};
			name = Release;
		};
		81FFBC001B8F86F100F426A9 /* Debug */ = {
			isa = XCBuildConfiguration;
			buildSettings = {
				ASSETCATALOG_COMPILER_APPICON_NAME = AppIcon;
				CLANG_ENABLE_MODULES = YES;
				INFOPLIST_FILE = AngramSolver/Info.plist;
				LD_RUNPATH_SEARCH_PATHS = "$(inherited) @executable_path/Frameworks";
				PRODUCT_BUNDLE_IDENTIFIER = com.tkmcnally.AngramSolver;
				PRODUCT_NAME = "$(TARGET_NAME)";
				SWIFT_OBJC_BRIDGING_HEADER = "AngramSolver/AngramSolver-Bridging-Header.h";
				SWIFT_OPTIMIZATION_LEVEL = "-Onone";
			};
			name = Debug;
		};
		81FFBC011B8F86F100F426A9 /* Release */ = {
			isa = XCBuildConfiguration;
			buildSettings = {
				ASSETCATALOG_COMPILER_APPICON_NAME = AppIcon;
				CLANG_ENABLE_MODULES = YES;
				INFOPLIST_FILE = AngramSolver/Info.plist;
				LD_RUNPATH_SEARCH_PATHS = "$(inherited) @executable_path/Frameworks";
				PRODUCT_BUNDLE_IDENTIFIER = com.tkmcnally.AngramSolver;
				PRODUCT_NAME = "$(TARGET_NAME)";
				SWIFT_OBJC_BRIDGING_HEADER = "AngramSolver/AngramSolver-Bridging-Header.h";
			};
			name = Release;
		};
		81FFBC031B8F86F100F426A9 /* Debug */ = {
			isa = XCBuildConfiguration;
			buildSettings = {
				BUNDLE_LOADER = "$(TEST_HOST)";
				INFOPLIST_FILE = AngramSolverTests/Info.plist;
				LD_RUNPATH_SEARCH_PATHS = "$(inherited) @executable_path/Frameworks @loader_path/Frameworks";
				PRODUCT_BUNDLE_IDENTIFIER = com.tkmcnally.AngramSolverTests;
				PRODUCT_NAME = "$(TARGET_NAME)";
				TEST_HOST = "$(BUILT_PRODUCTS_DIR)/AngramSolver.app/AngramSolver";
			};
			name = Debug;
		};
		81FFBC041B8F86F100F426A9 /* Release */ = {
			isa = XCBuildConfiguration;
			buildSettings = {
				BUNDLE_LOADER = "$(TEST_HOST)";
				INFOPLIST_FILE = AngramSolverTests/Info.plist;
				LD_RUNPATH_SEARCH_PATHS = "$(inherited) @executable_path/Frameworks @loader_path/Frameworks";
				PRODUCT_BUNDLE_IDENTIFIER = com.tkmcnally.AngramSolverTests;
				PRODUCT_NAME = "$(TARGET_NAME)";
				TEST_HOST = "$(BUILT_PRODUCTS_DIR)/AngramSolver.app/AngramSolver";
			};
			name = Release;
		};
		81FFBC061B8F86F100F426A9 /* Debug */ = {
			isa = XCBuildConfiguration;
			buildSettings = {
				INFOPLIST_FILE = AngramSolverUITests/Info.plist;
				LD_RUNPATH_SEARCH_PATHS = "$(inherited) @executable_path/Frameworks @loader_path/Frameworks";
				PRODUCT_BUNDLE_IDENTIFIER = com.tkmcnally.AngramSolverUITests;
				PRODUCT_NAME = "$(TARGET_NAME)";
				TEST_TARGET_NAME = AngramSolver;
				USES_XCTRUNNER = YES;
			};
			name = Debug;
		};
		81FFBC071B8F86F100F426A9 /* Release */ = {
			isa = XCBuildConfiguration;
			buildSettings = {
				INFOPLIST_FILE = AngramSolverUITests/Info.plist;
				LD_RUNPATH_SEARCH_PATHS = "$(inherited) @executable_path/Frameworks @loader_path/Frameworks";
				PRODUCT_BUNDLE_IDENTIFIER = com.tkmcnally.AngramSolverUITests;
				PRODUCT_NAME = "$(TARGET_NAME)";
				TEST_TARGET_NAME = AngramSolver;
				USES_XCTRUNNER = YES;
			};
			name = Release;
		};
/* End XCBuildConfiguration section */

/* Begin XCConfigurationList section */
		81FFBBD21B8F86F100F426A9 /* Build configuration list for PBXProject "AngramSolver" */ = {
			isa = XCConfigurationList;
			buildConfigurations = (
				81FFBBFD1B8F86F100F426A9 /* Debug */,
				81FFBBFE1B8F86F100F426A9 /* Release */,
			);
			defaultConfigurationIsVisible = 0;
			defaultConfigurationName = Release;
		};
		81FFBBFF1B8F86F100F426A9 /* Build configuration list for PBXNativeTarget "AngramSolver" */ = {
			isa = XCConfigurationList;
			buildConfigurations = (
				81FFBC001B8F86F100F426A9 /* Debug */,
				81FFBC011B8F86F100F426A9 /* Release */,
			);
			defaultConfigurationIsVisible = 0;
			defaultConfigurationName = Release;
		};
		81FFBC021B8F86F100F426A9 /* Build configuration list for PBXNativeTarget "AngramSolverTests" */ = {
			isa = XCConfigurationList;
			buildConfigurations = (
				81FFBC031B8F86F100F426A9 /* Debug */,
				81FFBC041B8F86F100F426A9 /* Release */,
			);
			defaultConfigurationIsVisible = 0;
			defaultConfigurationName = Release;
		};
		81FFBC051B8F86F100F426A9 /* Build configuration list for PBXNativeTarget "AngramSolverUITests" */ = {
			isa = XCConfigurationList;
			buildConfigurations = (
				81FFBC061B8F86F100F426A9 /* Debug */,
				81FFBC071B8F86F100F426A9 /* Release */,
			);
			defaultConfigurationIsVisible = 0;
			defaultConfigurationName = Release;
		};
/* End XCConfigurationList section */
	};
	rootObject = 81FFBBCF1B8F86F100F426A9 /* Project object */;
}
